
Microsoft Visual Studio Solution File, Format Version 12.00
# Visual Studio Version 17
VisualStudioVersion = 17.9.34728.123
MinimumVisualStudioVersion = 10.0.40219.1
Project("{9A19103F-16F7-4668-BE54-9A1E7A4F7556}") = "Core", "..\..\snailbird-web-core\Core\Core.csproj", "{A10C3A0E-180B-40B6-A7AA-F6684C90360C}"
EndProject
Project("{9A19103F-16F7-4668-BE54-9A1E7A4F7556}") = "DataAccess", "..\..\snailbird-web-core\DataAccess\DataAccess.csproj", "{4748E958-A137-4E9F-A28D-7B0A5F0E9E7D}"
EndProject
Project("{9A19103F-16F7-4668-BE54-9A1E7A4F7556}") = "RazorCore", "..\RazorCore\RazorCore.csproj", "{461D5B62-8A04-4DA7-9203-89EA8609571A}"
EndProject
Project("{9A19103F-16F7-4668-BE54-9A1E7A4F7556}") = "SnailbirdData", "..\SnailbirdData\SnailbirdData.csproj", "{3CA2A2B1-90B9-4AFF-9085-7D85655CAC00}"
EndProject
Project("{9A19103F-16F7-4668-BE54-9A1E7A4F7556}") = "SnailbirdWeb", "..\SnailbirdWeb\SnailbirdWeb.csproj", "{689D7181-2B69-4001-A9AE-97B67EF6A516}"
EndProject
Global
	GlobalSection(SolutionConfigurationPlatforms) = preSolution
		Debug|Any CPU = Debug|Any CPU
		Release|Any CPU = Release|Any CPU
	EndGlobalSection
	GlobalSection(ProjectConfigurationPlatforms) = postSolution
		{A10C3A0E-180B-40B6-A7AA-F6684C90360C}.Debug|Any CPU.ActiveCfg = Debug|Any CPU
		{A10C3A0E-180B-40B6-A7AA-F6684C90360C}.Debug|Any CPU.Build.0 = Debug|Any CPU
		{A10C3A0E-180B-40B6-A7AA-F6684C90360C}.Release|Any CPU.ActiveCfg = Release|Any CPU
		{A10C3A0E-180B-40B6-A7AA-F6684C90360C}.Release|Any CPU.Build.0 = Release|Any CPU
		{4748E958-A137-4E9F-A28D-7B0A5F0E9E7D}.Debug|Any CPU.ActiveCfg = Debug|Any CPU
		{4748E958-A137-4E9F-A28D-7B0A5F0E9E7D}.Debug|Any CPU.Build.0 = Debug|Any CPU
		{4748E958-A137-4E9F-A28D-7B0A5F0E9E7D}.Release|Any CPU.ActiveCfg = Release|Any CPU
		{4748E958-A137-4E9F-A28D-7B0A5F0E9E7D}.Release|Any CPU.Build.0 = Release|Any CPU
		{461D5B62-8A04-4DA7-9203-89EA8609571A}.Debug|Any CPU.ActiveCfg = Debug|Any CPU
		{461D5B62-8A04-4DA7-9203-89EA8609571A}.Debug|Any CPU.Build.0 = Debug|Any CPU
		{461D5B62-8A04-4DA7-9203-89EA8609571A}.Release|Any CPU.ActiveCfg = Release|Any CPU
		{461D5B62-8A04-4DA7-9203-89EA8609571A}.Release|Any CPU.Build.0 = Release|Any CPU
		{3CA2A2B1-90B9-4AFF-9085-7D85655CAC00}.Debug|Any CPU.ActiveCfg = Debug|Any CPU
		{3CA2A2B1-90B9-4AFF-9085-7D85655CAC00}.Debug|Any CPU.Build.0 = Debug|Any CPU
		{3CA2A2B1-90B9-4AFF-9085-7D85655CAC00}.Release|Any CPU.ActiveCfg = Release|Any CPU
		{3CA2A2B1-90B9-4AFF-9085-7D85655CAC00}.Release|Any CPU.Build.0 = Release|Any CPU
		{689D7181-2B69-4001-A9AE-97B67EF6A516}.Debug|Any CPU.ActiveCfg = Debug|Any CPU
		{689D7181-2B69-4001-A9AE-97B67EF6A516}.Debug|Any CPU.Build.0 = Debug|Any CPU
		{689D7181-2B69-4001-A9AE-97B67EF6A516}.Release|Any CPU.ActiveCfg = Release|Any CPU
		{689D7181-2B69-4001-A9AE-97B67EF6A516}.Release|Any CPU.Build.0 = Release|Any CPU
	EndGlobalSection
	GlobalSection(SolutionProperties) = preSolution
		HideSolutionNode = FALSE
	EndGlobalSection
	GlobalSection(ExtensibilityGlobals) = postSolution
		SolutionGuid = {7472B3FC-035A-46CF-9119-726BCA2A4450}
	EndGlobalSection
EndGlobal
