
Microsoft Visual Studio Solution File, Format Version 12.00
# Visual Studio Version 17
VisualStudioVersion = 17.9.34728.123
MinimumVisualStudioVersion = 10.0.40219.1
Project("{9A19103F-16F7-4668-BE54-9A1E7A4F7556}") = "RazorCore", "..\RazorCore\RazorCore.csproj", "{461D5B62-8A04-4DA7-9203-89EA8609571A}"
EndProject
Project("{9A19103F-16F7-4668-BE54-9A1E7A4F7556}") = "SnailbirdData", "..\SnailbirdData\SnailbirdData.csproj", "{3CA2A2B1-90B9-4AFF-9085-7D85655CAC00}"
EndProject
Project("{9A19103F-16F7-4668-BE54-9A1E7A4F7556}") = "SnailbirdWeb", "..\SnailbirdWeb\SnailbirdWeb.csproj", "{689D7181-2B69-4001-A9AE-97B67EF6A516}"
EndProject
Project("{9A19103F-16F7-4668-BE54-9A1E7A4F7556}") = "NetBlocks", "..\..\..\..\..\lib\NetBlocks\NetBlocks.csproj", "{687EB701-ED26-4293-9130-F2C75948545E}"
EndProject
Project("{9A19103F-16F7-4668-BE54-9A1E7A4F7556}") = "DataBlocks", "..\..\..\..\..\lib\DataBlocks\DataBlocks.csproj", "{30F0C6ED-E62A-44C6-B099-7E43A8554E41}"
EndProject
Global
	GlobalSection(SolutionConfigurationPlatforms) = preSolution
		Debug|Any CPU = Debug|Any CPU
		Release|Any CPU = Release|Any CPU
	EndGlobalSection
	GlobalSection(ProjectConfigurationPlatforms) = postSolution
		{461D5B62-8A04-4DA7-9203-89EA8609571A}.Debug|Any CPU.ActiveCfg = Debug|Any CPU
		{461D5B62-8A04-4DA7-9203-89EA8609571A}.Debug|Any CPU.Build.0 = Debug|Any CPU
		{461D5B62-8A04-4DA7-9203-89EA8609571A}.Release|Any CPU.ActiveCfg = Release|Any CPU
		{461D5B62-8A04-4DA7-9203-89EA8609571A}.Release|Any CPU.Build.0 = Release|Any CPU
		{3CA2A2B1-90B9-4AFF-9085-7D85655CAC00}.Debug|Any CPU.ActiveCfg = Debug|Any CPU
		{3CA2A2B1-90B9-4AFF-9085-7D85655CAC00}.Debug|Any CPU.Build.0 = Debug|Any CPU
		{3CA2A2B1-90B9-4AFF-9085-7D85655CAC00}.Release|Any CPU.ActiveCfg = Release|Any CPU
		{3CA2A2B1-90B9-4AFF-9085-7D85655CAC00}.Release|Any CPU.Build.0 = Release|Any CPU
		{689D7181-2B69-4001-A9AE-97B67EF6A516}.Debug|Any CPU.ActiveCfg = Debug|Any CPU
		{689D7181-2B69-4001-A9AE-97B67EF6A516}.Debug|Any CPU.Build.0 = Debug|Any CPU
		{689D7181-2B69-4001-A9AE-97B67EF6A516}.Release|Any CPU.ActiveCfg = Release|Any CPU
		{689D7181-2B69-4001-A9AE-97B67EF6A516}.Release|Any CPU.Build.0 = Release|Any CPU
		{687EB701-ED26-4293-9130-F2C75948545E}.Debug|Any CPU.ActiveCfg = Debug|Any CPU
		{687EB701-ED26-4293-9130-F2C75948545E}.Debug|Any CPU.Build.0 = Debug|Any CPU
		{687EB701-ED26-4293-9130-F2C75948545E}.Release|Any CPU.ActiveCfg = Release|Any CPU
		{687EB701-ED26-4293-9130-F2C75948545E}.Release|Any CPU.Build.0 = Release|Any CPU
		{30F0C6ED-E62A-44C6-B099-7E43A8554E41}.Debug|Any CPU.ActiveCfg = Debug|Any CPU
		{30F0C6ED-E62A-44C6-B099-7E43A8554E41}.Debug|Any CPU.Build.0 = Debug|Any CPU
		{30F0C6ED-E62A-44C6-B099-7E43A8554E41}.Release|Any CPU.ActiveCfg = Release|Any CPU
		{30F0C6ED-E62A-44C6-B099-7E43A8554E41}.Release|Any CPU.Build.0 = Release|Any CPU
	EndGlobalSection
	GlobalSection(SolutionProperties) = preSolution
		HideSolutionNode = FALSE
	EndGlobalSection
	GlobalSection(ExtensibilityGlobals) = postSolution
		SolutionGuid = {7472B3FC-035A-46CF-9119-726BCA2A4450}
	EndGlobalSection
EndGlobal
