
Microsoft Visual Studio Solution File, Format Version 12.00
# Visual Studio Version 17
VisualStudioVersion = 17.5.002.0
MinimumVisualStudioVersion = 10.0.40219.1
Project("{9A19103F-16F7-4668-BE54-9A1E7A4F7556}") = "SnailbirdWeb", "SnailbirdWeb\SnailbirdWeb.csproj", "{256A5416-6326-468E-B544-B4EBC9C5B198}"
EndProject
Project("{9A19103F-16F7-4668-BE54-9A1E7A4F7556}") = "SnailbirdData", "SnailbirdData\SnailbirdData.csproj", "{9E5B0753-575D-4E76-AC6F-4CC39B607A5F}"
EndProject
Project("{9A19103F-16F7-4668-BE54-9A1E7A4F7556}") = "SnailbirdAdmin", "SnailbirdAdmin\SnailbirdAdmin.csproj", "{510EA036-5C8A-4DDD-8190-05D270BF9751}"
EndProject
Project("{9A19103F-16F7-4668-BE54-9A1E7A4F7556}") = "RazorCore", "RazorCore\RazorCore.csproj", "{A6C75C56-9441-462A-89C1-476289FB2907}"
EndProject
Project("{9A19103F-16F7-4668-BE54-9A1E7A4F7556}") = "DataBlocks", "C:\lib\DataBlocks\DataBlocks.csproj", "{85D51CE1-54F7-4E83-922F-9B6A3D94081F}"
EndProject
Project("{9A19103F-16F7-4668-BE54-9A1E7A4F7556}") = "SnailbirdUtility", "SnailbirdUtility\SnailbirdUtility.csproj", "{C2427063-9268-4D3A-855A-F588CCEC317E}"
EndProject
Project("{9A19103F-16F7-4668-BE54-9A1E7A4F7556}") = "NetBlocks", "C:\lib\NetBlocks\NetBlocks.csproj", "{AC438465-F81F-4D69-A4E4-644E89AB1259}"
EndProject
Global
	GlobalSection(SolutionConfigurationPlatforms) = preSolution
		Debug|Any CPU = Debug|Any CPU
		Release|Any CPU = Release|Any CPU
	EndGlobalSection
	GlobalSection(ProjectConfigurationPlatforms) = postSolution
		{256A5416-6326-468E-B544-B4EBC9C5B198}.Debug|Any CPU.ActiveCfg = Debug|Any CPU
		{256A5416-6326-468E-B544-B4EBC9C5B198}.Debug|Any CPU.Build.0 = Debug|Any CPU
		{256A5416-6326-468E-B544-B4EBC9C5B198}.Release|Any CPU.ActiveCfg = Release|Any CPU
		{256A5416-6326-468E-B544-B4EBC9C5B198}.Release|Any CPU.Build.0 = Release|Any CPU
		{9E5B0753-575D-4E76-AC6F-4CC39B607A5F}.Debug|Any CPU.ActiveCfg = Debug|Any CPU
		{9E5B0753-575D-4E76-AC6F-4CC39B607A5F}.Debug|Any CPU.Build.0 = Debug|Any CPU
		{9E5B0753-575D-4E76-AC6F-4CC39B607A5F}.Release|Any CPU.ActiveCfg = Release|Any CPU
		{9E5B0753-575D-4E76-AC6F-4CC39B607A5F}.Release|Any CPU.Build.0 = Release|Any CPU
		{510EA036-5C8A-4DDD-8190-05D270BF9751}.Debug|Any CPU.ActiveCfg = Debug|Any CPU
		{510EA036-5C8A-4DDD-8190-05D270BF9751}.Debug|Any CPU.Build.0 = Debug|Any CPU
		{510EA036-5C8A-4DDD-8190-05D270BF9751}.Release|Any CPU.ActiveCfg = Release|Any CPU
		{510EA036-5C8A-4DDD-8190-05D270BF9751}.Release|Any CPU.Build.0 = Release|Any CPU
		{A6C75C56-9441-462A-89C1-476289FB2907}.Debug|Any CPU.ActiveCfg = Debug|Any CPU
		{A6C75C56-9441-462A-89C1-476289FB2907}.Debug|Any CPU.Build.0 = Debug|Any CPU
		{A6C75C56-9441-462A-89C1-476289FB2907}.Release|Any CPU.ActiveCfg = Release|Any CPU
		{A6C75C56-9441-462A-89C1-476289FB2907}.Release|Any CPU.Build.0 = Release|Any CPU
		{85D51CE1-54F7-4E83-922F-9B6A3D94081F}.Debug|Any CPU.ActiveCfg = Debug|Any CPU
		{85D51CE1-54F7-4E83-922F-9B6A3D94081F}.Debug|Any CPU.Build.0 = Debug|Any CPU
		{85D51CE1-54F7-4E83-922F-9B6A3D94081F}.Release|Any CPU.ActiveCfg = Release|Any CPU
		{85D51CE1-54F7-4E83-922F-9B6A3D94081F}.Release|Any CPU.Build.0 = Release|Any CPU
		{C2427063-9268-4D3A-855A-F588CCEC317E}.Debug|Any CPU.ActiveCfg = Debug|Any CPU
		{C2427063-9268-4D3A-855A-F588CCEC317E}.Debug|Any CPU.Build.0 = Debug|Any CPU
		{C2427063-9268-4D3A-855A-F588CCEC317E}.Release|Any CPU.ActiveCfg = Release|Any CPU
		{C2427063-9268-4D3A-855A-F588CCEC317E}.Release|Any CPU.Build.0 = Release|Any CPU
		{AC438465-F81F-4D69-A4E4-644E89AB1259}.Debug|Any CPU.ActiveCfg = Debug|Any CPU
		{AC438465-F81F-4D69-A4E4-644E89AB1259}.Debug|Any CPU.Build.0 = Debug|Any CPU
		{AC438465-F81F-4D69-A4E4-644E89AB1259}.Release|Any CPU.ActiveCfg = Release|Any CPU
		{AC438465-F81F-4D69-A4E4-644E89AB1259}.Release|Any CPU.Build.0 = Release|Any CPU
	EndGlobalSection
	GlobalSection(SolutionProperties) = preSolution
		HideSolutionNode = FALSE
	EndGlobalSection
	GlobalSection(ExtensibilityGlobals) = postSolution
		SolutionGuid = {B18C3BDD-CF7C-4CBC-A19B-96582C983AF3}
	EndGlobalSection
EndGlobal
