
Microsoft Visual Studio Solution File, Format Version 12.00
# Visual Studio Version 17
VisualStudioVersion = 17.9.34728.123
MinimumVisualStudioVersion = 10.0.40219.1
Project("{9A19103F-16F7-4668-BE54-9A1E7A4F7556}") = "RazorCore", "..\RazorCore\RazorCore.csproj", "{C84E278E-B510-4CEB-9CDE-352407EC4243}"
EndProject
Project("{9A19103F-16F7-4668-BE54-9A1E7A4F7556}") = "SnailbirdAdmin", "..\SnailbirdAdmin\SnailbirdAdmin.csproj", "{575AEBAE-B86F-4F88-899A-7A55C774F930}"
EndProject
Project("{9A19103F-16F7-4668-BE54-9A1E7A4F7556}") = "SnailbirdData", "..\SnailbirdData\SnailbirdData.csproj", "{6F8F3FE5-71E0-4575-BC1E-16344B938600}"
EndProject
Project("{9A19103F-16F7-4668-BE54-9A1E7A4F7556}") = "snailbird-admin-scratch", "snailbird-admin-scratch\snailbird-admin-scratch.csproj", "{ACF7878D-E4BF-4D26-B08A-EDF49E612206}"
EndProject
Project("{9A19103F-16F7-4668-BE54-9A1E7A4F7556}") = "Core", "C:\lib\snailbird-web\Core\Core.csproj", "{3D3CD075-31A0-404A-A55E-D9DE84BE3C0A}"
EndProject
Project("{9A19103F-16F7-4668-BE54-9A1E7A4F7556}") = "DataAccess", "C:\lib\snailbird-web\DataAccess\DataAccess.csproj", "{95308742-EED1-4EE7-8615-0BFAD2CEB85C}"
EndProject
Global
	GlobalSection(SolutionConfigurationPlatforms) = preSolution
		Debug|Any CPU = Debug|Any CPU
		Release|Any CPU = Release|Any CPU
	EndGlobalSection
	GlobalSection(ProjectConfigurationPlatforms) = postSolution
		{C84E278E-B510-4CEB-9CDE-352407EC4243}.Debug|Any CPU.ActiveCfg = Debug|Any CPU
		{C84E278E-B510-4CEB-9CDE-352407EC4243}.Debug|Any CPU.Build.0 = Debug|Any CPU
		{C84E278E-B510-4CEB-9CDE-352407EC4243}.Release|Any CPU.ActiveCfg = Release|Any CPU
		{C84E278E-B510-4CEB-9CDE-352407EC4243}.Release|Any CPU.Build.0 = Release|Any CPU
		{575AEBAE-B86F-4F88-899A-7A55C774F930}.Debug|Any CPU.ActiveCfg = Debug|Any CPU
		{575AEBAE-B86F-4F88-899A-7A55C774F930}.Debug|Any CPU.Build.0 = Debug|Any CPU
		{575AEBAE-B86F-4F88-899A-7A55C774F930}.Release|Any CPU.ActiveCfg = Release|Any CPU
		{575AEBAE-B86F-4F88-899A-7A55C774F930}.Release|Any CPU.Build.0 = Release|Any CPU
		{6F8F3FE5-71E0-4575-BC1E-16344B938600}.Debug|Any CPU.ActiveCfg = Debug|Any CPU
		{6F8F3FE5-71E0-4575-BC1E-16344B938600}.Debug|Any CPU.Build.0 = Debug|Any CPU
		{6F8F3FE5-71E0-4575-BC1E-16344B938600}.Release|Any CPU.ActiveCfg = Release|Any CPU
		{6F8F3FE5-71E0-4575-BC1E-16344B938600}.Release|Any CPU.Build.0 = Release|Any CPU
		{ACF7878D-E4BF-4D26-B08A-EDF49E612206}.Debug|Any CPU.ActiveCfg = Debug|Any CPU
		{ACF7878D-E4BF-4D26-B08A-EDF49E612206}.Debug|Any CPU.Build.0 = Debug|Any CPU
		{ACF7878D-E4BF-4D26-B08A-EDF49E612206}.Release|Any CPU.ActiveCfg = Release|Any CPU
		{ACF7878D-E4BF-4D26-B08A-EDF49E612206}.Release|Any CPU.Build.0 = Release|Any CPU
		{3D3CD075-31A0-404A-A55E-D9DE84BE3C0A}.Debug|Any CPU.ActiveCfg = Debug|Any CPU
		{3D3CD075-31A0-404A-A55E-D9DE84BE3C0A}.Debug|Any CPU.Build.0 = Debug|Any CPU
		{3D3CD075-31A0-404A-A55E-D9DE84BE3C0A}.Release|Any CPU.ActiveCfg = Release|Any CPU
		{3D3CD075-31A0-404A-A55E-D9DE84BE3C0A}.Release|Any CPU.Build.0 = Release|Any CPU
		{95308742-EED1-4EE7-8615-0BFAD2CEB85C}.Debug|Any CPU.ActiveCfg = Debug|Any CPU
		{95308742-EED1-4EE7-8615-0BFAD2CEB85C}.Debug|Any CPU.Build.0 = Debug|Any CPU
		{95308742-EED1-4EE7-8615-0BFAD2CEB85C}.Release|Any CPU.ActiveCfg = Release|Any CPU
		{95308742-EED1-4EE7-8615-0BFAD2CEB85C}.Release|Any CPU.Build.0 = Release|Any CPU
	EndGlobalSection
	GlobalSection(SolutionProperties) = preSolution
		HideSolutionNode = FALSE
	EndGlobalSection
	GlobalSection(ExtensibilityGlobals) = postSolution
		SolutionGuid = {69960C56-681B-4CAD-A4FF-77FB67C70BC4}
	EndGlobalSection
EndGlobal
