
Microsoft Visual Studio Solution File, Format Version 12.00
# Visual Studio Version 17
VisualStudioVersion = 17.9.34728.123
MinimumVisualStudioVersion = 10.0.40219.1
Project("{9A19103F-16F7-4668-BE54-9A1E7A4F7556}") = "RazorCore", "..\RazorCore\RazorCore.csproj", "{C84E278E-B510-4CEB-9CDE-352407EC4243}"
EndProject
Project("{9A19103F-16F7-4668-BE54-9A1E7A4F7556}") = "SnailbirdAdmin", "..\SnailbirdAdmin\SnailbirdAdmin.csproj", "{575AEBAE-B86F-4F88-899A-7A55C774F930}"
EndProject
Project("{9A19103F-16F7-4668-BE54-9A1E7A4F7556}") = "SnailbirdData", "..\SnailbirdData\SnailbirdData.csproj", "{6F8F3FE5-71E0-4575-BC1E-16344B938600}"
EndProject
Project("{9A19103F-16F7-4668-BE54-9A1E7A4F7556}") = "Core", "..\..\snailbird-web-core\Core\Core.csproj", "{1D8F9A53-4278-4EB4-A078-CE16020AEE89}"
EndProject
Project("{9A19103F-16F7-4668-BE54-9A1E7A4F7556}") = "DataAccess", "..\..\snailbird-web-core\DataAccess\DataAccess.csproj", "{B1A13769-209F-4262-80C3-7A13C406CC06}"
EndProject
Global
	GlobalSection(SolutionConfigurationPlatforms) = preSolution
		Debug|Any CPU = Debug|Any CPU
		Release|Any CPU = Release|Any CPU
	EndGlobalSection
	GlobalSection(ProjectConfigurationPlatforms) = postSolution
		{C84E278E-B510-4CEB-9CDE-352407EC4243}.Debug|Any CPU.ActiveCfg = Debug|Any CPU
		{C84E278E-B510-4CEB-9CDE-352407EC4243}.Debug|Any CPU.Build.0 = Debug|Any CPU
		{C84E278E-B510-4CEB-9CDE-352407EC4243}.Release|Any CPU.ActiveCfg = Release|Any CPU
		{C84E278E-B510-4CEB-9CDE-352407EC4243}.Release|Any CPU.Build.0 = Release|Any CPU
		{575AEBAE-B86F-4F88-899A-7A55C774F930}.Debug|Any CPU.ActiveCfg = Debug|Any CPU
		{575AEBAE-B86F-4F88-899A-7A55C774F930}.Debug|Any CPU.Build.0 = Debug|Any CPU
		{575AEBAE-B86F-4F88-899A-7A55C774F930}.Release|Any CPU.ActiveCfg = Release|Any CPU
		{575AEBAE-B86F-4F88-899A-7A55C774F930}.Release|Any CPU.Build.0 = Release|Any CPU
		{6F8F3FE5-71E0-4575-BC1E-16344B938600}.Debug|Any CPU.ActiveCfg = Debug|Any CPU
		{6F8F3FE5-71E0-4575-BC1E-16344B938600}.Debug|Any CPU.Build.0 = Debug|Any CPU
		{6F8F3FE5-71E0-4575-BC1E-16344B938600}.Release|Any CPU.ActiveCfg = Release|Any CPU
		{6F8F3FE5-71E0-4575-BC1E-16344B938600}.Release|Any CPU.Build.0 = Release|Any CPU
		{1D8F9A53-4278-4EB4-A078-CE16020AEE89}.Debug|Any CPU.ActiveCfg = Debug|Any CPU
		{1D8F9A53-4278-4EB4-A078-CE16020AEE89}.Debug|Any CPU.Build.0 = Debug|Any CPU
		{1D8F9A53-4278-4EB4-A078-CE16020AEE89}.Release|Any CPU.ActiveCfg = Release|Any CPU
		{1D8F9A53-4278-4EB4-A078-CE16020AEE89}.Release|Any CPU.Build.0 = Release|Any CPU
		{B1A13769-209F-4262-80C3-7A13C406CC06}.Debug|Any CPU.ActiveCfg = Debug|Any CPU
		{B1A13769-209F-4262-80C3-7A13C406CC06}.Debug|Any CPU.Build.0 = Debug|Any CPU
		{B1A13769-209F-4262-80C3-7A13C406CC06}.Release|Any CPU.ActiveCfg = Release|Any CPU
		{B1A13769-209F-4262-80C3-7A13C406CC06}.Release|Any CPU.Build.0 = Release|Any CPU
	EndGlobalSection
	GlobalSection(SolutionProperties) = preSolution
		HideSolutionNode = FALSE
	EndGlobalSection
	GlobalSection(ExtensibilityGlobals) = postSolution
		SolutionGuid = {69960C56-681B-4CAD-A4FF-77FB67C70BC4}
	EndGlobalSection
EndGlobal
